
Microsoft Visual Studio Solution File, Format Version 12.00
# Visual Studio Version 17
VisualStudioVersion = 17.4.33110.190
MinimumVisualStudioVersion = 10.0.40219.1
Project("{9A19103F-16F7-4668-BE54-9A1E7A4F7556}") = "Entities", "Entities\Entities.csproj", "{255E05C3-E0CD-48E4-8C6E-530377577EAC}"
EndProject
Project("{9A19103F-16F7-4668-BE54-9A1E7A4F7556}") = "Business", "Business\Business.csproj", "{66A6AE55-4565-4F7F-9FC7-3F4D706579DD}"
EndProject
Project("{9A19103F-16F7-4668-BE54-9A1E7A4F7556}") = "DataAccess", "DataAccess\DataAccess.csproj", "{B3962C24-CBB7-4C9C-882B-3230FDB06549}"
EndProject
Project("{9A19103F-16F7-4668-BE54-9A1E7A4F7556}") = "Core", "Core\Core.csproj", "{3530C569-6937-482F-B7BC-4E3B15B412D4}"
EndProject
Project("{9A19103F-16F7-4668-BE54-9A1E7A4F7556}") = "ConsoleUserInterface", "ConsoleUserInterface\ConsoleUserInterface.csproj", "{A8656D9D-E167-4FE8-B257-FF42D362526F}"
EndProject
Project("{FAE04EC0-301F-11D3-BF4B-00C04F79EFBC}") = "WebAPI", "WebAPI\WebAPI.csproj", "{1444661B-9B40-4C92-A969-9350F1F57D84}"
EndProject
Global
	GlobalSection(SolutionConfigurationPlatforms) = preSolution
		Debug|Any CPU = Debug|Any CPU
		Release|Any CPU = Release|Any CPU
	EndGlobalSection
	GlobalSection(ProjectConfigurationPlatforms) = postSolution
		{255E05C3-E0CD-48E4-8C6E-530377577EAC}.Debug|Any CPU.ActiveCfg = Debug|Any CPU
		{255E05C3-E0CD-48E4-8C6E-530377577EAC}.Debug|Any CPU.Build.0 = Debug|Any CPU
		{255E05C3-E0CD-48E4-8C6E-530377577EAC}.Release|Any CPU.ActiveCfg = Release|Any CPU
		{255E05C3-E0CD-48E4-8C6E-530377577EAC}.Release|Any CPU.Build.0 = Release|Any CPU
		{66A6AE55-4565-4F7F-9FC7-3F4D706579DD}.Debug|Any CPU.ActiveCfg = Debug|Any CPU
		{66A6AE55-4565-4F7F-9FC7-3F4D706579DD}.Debug|Any CPU.Build.0 = Debug|Any CPU
		{66A6AE55-4565-4F7F-9FC7-3F4D706579DD}.Release|Any CPU.ActiveCfg = Release|Any CPU
		{66A6AE55-4565-4F7F-9FC7-3F4D706579DD}.Release|Any CPU.Build.0 = Release|Any CPU
		{B3962C24-CBB7-4C9C-882B-3230FDB06549}.Debug|Any CPU.ActiveCfg = Debug|Any CPU
		{B3962C24-CBB7-4C9C-882B-3230FDB06549}.Debug|Any CPU.Build.0 = Debug|Any CPU
		{B3962C24-CBB7-4C9C-882B-3230FDB06549}.Release|Any CPU.ActiveCfg = Release|Any CPU
		{B3962C24-CBB7-4C9C-882B-3230FDB06549}.Release|Any CPU.Build.0 = Release|Any CPU
		{3530C569-6937-482F-B7BC-4E3B15B412D4}.Debug|Any CPU.ActiveCfg = Debug|Any CPU
		{3530C569-6937-482F-B7BC-4E3B15B412D4}.Debug|Any CPU.Build.0 = Debug|Any CPU
		{3530C569-6937-482F-B7BC-4E3B15B412D4}.Release|Any CPU.ActiveCfg = Release|Any CPU
		{3530C569-6937-482F-B7BC-4E3B15B412D4}.Release|Any CPU.Build.0 = Release|Any CPU
		{A8656D9D-E167-4FE8-B257-FF42D362526F}.Debug|Any CPU.ActiveCfg = Debug|Any CPU
		{A8656D9D-E167-4FE8-B257-FF42D362526F}.Debug|Any CPU.Build.0 = Debug|Any CPU
		{A8656D9D-E167-4FE8-B257-FF42D362526F}.Release|Any CPU.ActiveCfg = Release|Any CPU
		{A8656D9D-E167-4FE8-B257-FF42D362526F}.Release|Any CPU.Build.0 = Release|Any CPU
		{1444661B-9B40-4C92-A969-9350F1F57D84}.Debug|Any CPU.ActiveCfg = Debug|Any CPU
		{1444661B-9B40-4C92-A969-9350F1F57D84}.Debug|Any CPU.Build.0 = Debug|Any CPU
		{1444661B-9B40-4C92-A969-9350F1F57D84}.Release|Any CPU.ActiveCfg = Release|Any CPU
		{1444661B-9B40-4C92-A969-9350F1F57D84}.Release|Any CPU.Build.0 = Release|Any CPU
	EndGlobalSection
	GlobalSection(SolutionProperties) = preSolution
		HideSolutionNode = FALSE
	EndGlobalSection
	GlobalSection(ExtensibilityGlobals) = postSolution
		SolutionGuid = {13D2403A-185F-44FE-A375-45C161A454BA}
	EndGlobalSection
EndGlobal
